
Microsoft Visual Studio Solution File, Format Version 12.00
# Visual Studio 2013
VisualStudioVersion = 12.0.21005.1
MinimumVisualStudioVersion = 10.0.40219.1
Project("{FAE04EC0-301F-11D3-BF4B-00C04F79EFBC}") = "InterGalaxcyCommunicator", "InterGalaxcyCommunicator\InterGalaxcyCommunicator.csproj", "{9C280E6A-C6CE-462B-92EA-0C35D79AA96D}"
EndProject
Project("{FAE04EC0-301F-11D3-BF4B-00C04F79EFBC}") = "InterGalaxcyCommunicator.Contracts", "InterGalaxcyCommunicator.Contracts\InterGalaxcyCommunicator.Contracts.csproj", "{AA962359-EE5E-4028-A3A9-EA997A624E82}"
EndProject
Project("{FAE04EC0-301F-11D3-BF4B-00C04F79EFBC}") = "InterGalaxcyCommunicator.Utility", "InterGalaxcyCommunicator.Utility\InterGalaxcyCommunicator.Utility.csproj", "{92D0264F-0C03-46FC-AE3D-A80E686FE99D}"
EndProject
Project("{FAE04EC0-301F-11D3-BF4B-00C04F79EFBC}") = "InterGalaxcyCommunicator.Utility.Tests", "InterGalaxcyCommunicator.Utility.Tests\InterGalaxcyCommunicator.Utility.Tests.csproj", "{B0F4EB43-FB41-4F05-9E4D-12E54F744106}"
EndProject
Global
	GlobalSection(SolutionConfigurationPlatforms) = preSolution
		Debug|Any CPU = Debug|Any CPU
		Release|Any CPU = Release|Any CPU
	EndGlobalSection
	GlobalSection(ProjectConfigurationPlatforms) = postSolution
		{9C280E6A-C6CE-462B-92EA-0C35D79AA96D}.Debug|Any CPU.ActiveCfg = Debug|Any CPU
		{9C280E6A-C6CE-462B-92EA-0C35D79AA96D}.Debug|Any CPU.Build.0 = Debug|Any CPU
		{9C280E6A-C6CE-462B-92EA-0C35D79AA96D}.Release|Any CPU.ActiveCfg = Release|Any CPU
		{9C280E6A-C6CE-462B-92EA-0C35D79AA96D}.Release|Any CPU.Build.0 = Release|Any CPU
		{AA962359-EE5E-4028-A3A9-EA997A624E82}.Debug|Any CPU.ActiveCfg = Debug|Any CPU
		{AA962359-EE5E-4028-A3A9-EA997A624E82}.Debug|Any CPU.Build.0 = Debug|Any CPU
		{AA962359-EE5E-4028-A3A9-EA997A624E82}.Release|Any CPU.ActiveCfg = Release|Any CPU
		{AA962359-EE5E-4028-A3A9-EA997A624E82}.Release|Any CPU.Build.0 = Release|Any CPU
		{92D0264F-0C03-46FC-AE3D-A80E686FE99D}.Debug|Any CPU.ActiveCfg = Debug|Any CPU
		{92D0264F-0C03-46FC-AE3D-A80E686FE99D}.Debug|Any CPU.Build.0 = Debug|Any CPU
		{92D0264F-0C03-46FC-AE3D-A80E686FE99D}.Release|Any CPU.ActiveCfg = Release|Any CPU
		{92D0264F-0C03-46FC-AE3D-A80E686FE99D}.Release|Any CPU.Build.0 = Release|Any CPU
		{B0F4EB43-FB41-4F05-9E4D-12E54F744106}.Debug|Any CPU.ActiveCfg = Debug|Any CPU
		{B0F4EB43-FB41-4F05-9E4D-12E54F744106}.Debug|Any CPU.Build.0 = Debug|Any CPU
		{B0F4EB43-FB41-4F05-9E4D-12E54F744106}.Release|Any CPU.ActiveCfg = Release|Any CPU
		{B0F4EB43-FB41-4F05-9E4D-12E54F744106}.Release|Any CPU.Build.0 = Release|Any CPU
	EndGlobalSection
	GlobalSection(SolutionProperties) = preSolution
		HideSolutionNode = FALSE
	EndGlobalSection
EndGlobal
